
Microsoft Visual Studio Solution File, Format Version 12.00
# Visual Studio Version 16
VisualStudioVersion = 16.0.29209.62
MinimumVisualStudioVersion = 10.0.40219.1
Project("{FAE04EC0-301F-11D3-BF4B-00C04F79EFBC}") = "EpicNum", "EpicNum.csproj", "{B9CC2267-B107-4457-9BC3-FE33C2B42F9C}"
EndProject
Global
	GlobalSection(SolutionConfigurationPlatforms) = preSolution
		Debug|Any CPU = Debug|Any CPU
		Release|Any CPU = Release|Any CPU
	EndGlobalSection
	GlobalSection(ProjectConfigurationPlatforms) = postSolution
		{B9CC2267-B107-4457-9BC3-FE33C2B42F9C}.Debug|Any CPU.ActiveCfg = Debug|Any CPU
		{B9CC2267-B107-4457-9BC3-FE33C2B42F9C}.Debug|Any CPU.Build.0 = Debug|Any CPU
		{B9CC2267-B107-4457-9BC3-FE33C2B42F9C}.Release|Any CPU.ActiveCfg = Release|Any CPU
		{B9CC2267-B107-4457-9BC3-FE33C2B42F9C}.Release|Any CPU.Build.0 = Release|Any CPU
	EndGlobalSection
	GlobalSection(SolutionProperties) = preSolution
		HideSolutionNode = FALSE
	EndGlobalSection
	GlobalSection(ExtensibilityGlobals) = postSolution
		SolutionGuid = {56EB703A-4B5D-4B08-BC33-DC7A3C9AD905}
	EndGlobalSection
EndGlobal
